{
    "name": "bref-vpc-starter",
    "lockfileVersion": 2,
    "requires": true,
    "packages": {
        "": {
            "name": "bref-vpc-starter",
            "devDependencies": {
                "serverless-ignore": "^0.1.6",
                "serverless-plugin-ifelse": "^1.0.7"
            }
        },
        "node_modules/ignore": {
            "version": "3.3.10",
            "resolved": "https://registry.npmjs.org/ignore/-/ignore-3.3.10.tgz",
            "integrity": "sha512-Pgs951kaMm5GXP7MOvxERINe3gsaVjUWFm+UZPSq9xYriQAksyhg0csnS0KXSNRD5NmNdapXEpjxG49+AKh/ug==",
            "dev": true
        },
        "node_modules/serverless-ignore": {
            "version": "0.1.6",
            "resolved": "https://registry.npmjs.org/serverless-ignore/-/serverless-ignore-0.1.6.tgz",
            "integrity": "sha512-rONeQh6zwAy1H0+pFrWpHvDU5B1R5E1b77JDqGxqqZ/KXK9G01rWUY8P61fHG2rDdDpveEHoa/WdiCwM98m83w==",
            "dev": true,
            "dependencies": {
                "ignore": "^3.3.8"
            }
        },
        "node_modules/serverless-plugin-ifelse": {
            "version": "1.0.7",
            "resolved": "https://registry.npmjs.org/serverless-plugin-ifelse/-/serverless-plugin-ifelse-1.0.7.tgz",
            "integrity": "sha512-9OzcpsKOT50dO6WsGM0AiDbsN9TjH8zg/pLVOJlDjliSulWpP6Q5ceqp5zTM3eY/aAlYTq1/UBElKby6V+vZiQ==",
            "dev": true
        }
    },
    "dependencies": {
        "ignore": {
            "version": "3.3.10",
            "resolved": "https://registry.npmjs.org/ignore/-/ignore-3.3.10.tgz",
            "integrity": "sha512-Pgs951kaMm5GXP7MOvxERINe3gsaVjUWFm+UZPSq9xYriQAksyhg0csnS0KXSNRD5NmNdapXEpjxG49+AKh/ug==",
            "dev": true
        },
        "serverless-ignore": {
            "version": "0.1.6",
            "resolved": "https://registry.npmjs.org/serverless-ignore/-/serverless-ignore-0.1.6.tgz",
            "integrity": "sha512-rONeQh6zwAy1H0+pFrWpHvDU5B1R5E1b77JDqGxqqZ/KXK9G01rWUY8P61fHG2rDdDpveEHoa/WdiCwM98m83w==",
            "dev": true,
            "requires": {
                "ignore": "^3.3.8"
            }
        },
        "serverless-plugin-ifelse": {
            "version": "1.0.7",
            "resolved": "https://registry.npmjs.org/serverless-plugin-ifelse/-/serverless-plugin-ifelse-1.0.7.tgz",
            "integrity": "sha512-9OzcpsKOT50dO6WsGM0AiDbsN9TjH8zg/pLVOJlDjliSulWpP6Q5ceqp5zTM3eY/aAlYTq1/UBElKby6V+vZiQ==",
            "dev": true
        }
    }
}
